
Microsoft Visual Studio Solution File, Format Version 12.00
# Visual Studio 2013
VisualStudioVersion = 12.0.30110.0
MinimumVisualStudioVersion = 10.0.40219.1
Project("{FAE04EC0-301F-11D3-BF4B-00C04F79EFBC}") = "JIAOFENG.Practices.Library", "JIAOFENG.Practices.Library.csproj", "{86CD6421-DE7A-423E-A80D-EE58A34D125E}"
EndProject
Project("{FAE04EC0-301F-11D3-BF4B-00C04F79EFBC}") = "JIAOFENG.Practices.Library.Mvc", "..\JIAOFENG.Practices.Library.Mvc\JIAOFENG.Practices.Library.Mvc.csproj", "{6CC4B2EC-216B-465F-9CAA-4B22D27498F5}"
EndProject
Project("{FAE04EC0-301F-11D3-BF4B-00C04F79EFBC}") = "TestWeb", "..\TestWeb\TestWeb.csproj", "{F30DE05D-5C22-471C-8208-70CFD0AE89DE}"
EndProject
Global
	GlobalSection(SolutionConfigurationPlatforms) = preSolution
		Debug|Any CPU = Debug|Any CPU
		Release|Any CPU = Release|Any CPU
	EndGlobalSection
	GlobalSection(ProjectConfigurationPlatforms) = postSolution
		{86CD6421-DE7A-423E-A80D-EE58A34D125E}.Debug|Any CPU.ActiveCfg = Debug|Any CPU
		{86CD6421-DE7A-423E-A80D-EE58A34D125E}.Debug|Any CPU.Build.0 = Debug|Any CPU
		{86CD6421-DE7A-423E-A80D-EE58A34D125E}.Release|Any CPU.ActiveCfg = Release|Any CPU
		{86CD6421-DE7A-423E-A80D-EE58A34D125E}.Release|Any CPU.Build.0 = Release|Any CPU
		{6CC4B2EC-216B-465F-9CAA-4B22D27498F5}.Debug|Any CPU.ActiveCfg = Debug|Any CPU
		{6CC4B2EC-216B-465F-9CAA-4B22D27498F5}.Debug|Any CPU.Build.0 = Debug|Any CPU
		{6CC4B2EC-216B-465F-9CAA-4B22D27498F5}.Release|Any CPU.ActiveCfg = Release|Any CPU
		{6CC4B2EC-216B-465F-9CAA-4B22D27498F5}.Release|Any CPU.Build.0 = Release|Any CPU
		{F30DE05D-5C22-471C-8208-70CFD0AE89DE}.Debug|Any CPU.ActiveCfg = Debug|Any CPU
		{F30DE05D-5C22-471C-8208-70CFD0AE89DE}.Debug|Any CPU.Build.0 = Debug|Any CPU
		{F30DE05D-5C22-471C-8208-70CFD0AE89DE}.Release|Any CPU.ActiveCfg = Release|Any CPU
		{F30DE05D-5C22-471C-8208-70CFD0AE89DE}.Release|Any CPU.Build.0 = Release|Any CPU
	EndGlobalSection
	GlobalSection(SolutionProperties) = preSolution
		HideSolutionNode = FALSE
	EndGlobalSection
EndGlobal
